
Microsoft Visual Studio Solution File, Format Version 12.00
# Visual Studio Version 17
VisualStudioVersion = 17.5.002.0
MinimumVisualStudioVersion = 10.0.40219.1
Project("{9A19103F-16F7-4668-BE54-9A1E7A4F7556}") = "Day2", "Day2\Day2.csproj", "{8A2043C3-03FB-4858-97A9-BDAFDB2E59E7}"
EndProject
Project("{9A19103F-16F7-4668-BE54-9A1E7A4F7556}") = "Day1", "Day1\Day1.csproj", "{F968A002-08D7-4B57-8F97-5EDF30B5C7B0}"
EndProject
Project("{FAE04EC0-301F-11D3-BF4B-00C04F79EFBC}") = "Day3", "Day3\Day3.csproj", "{D825FE0F-FFA4-42B5-AD60-6CCB1876A0E6}"
EndProject
Project("{FAE04EC0-301F-11D3-BF4B-00C04F79EFBC}") = "Day4", "Day4\Day4.csproj", "{F96A7927-1395-477E-AB75-40B573C77260}"
EndProject
Project("{FAE04EC0-301F-11D3-BF4B-00C04F79EFBC}") = "Day5", "Day5\Day5.csproj", "{93AB830F-951B-4333-B223-DF4C761BBD8A}"
EndProject
Project("{FAE04EC0-301F-11D3-BF4B-00C04F79EFBC}") = "Day6", "Day6\Day6.csproj", "{2F9C7829-66BF-471A-84EE-297D6F4F7257}"
EndProject
Global
	GlobalSection(SolutionConfigurationPlatforms) = preSolution
		Debug|Any CPU = Debug|Any CPU
		Release|Any CPU = Release|Any CPU
	EndGlobalSection
	GlobalSection(ProjectConfigurationPlatforms) = postSolution
		{8A2043C3-03FB-4858-97A9-BDAFDB2E59E7}.Debug|Any CPU.ActiveCfg = Debug|Any CPU
		{8A2043C3-03FB-4858-97A9-BDAFDB2E59E7}.Debug|Any CPU.Build.0 = Debug|Any CPU
		{8A2043C3-03FB-4858-97A9-BDAFDB2E59E7}.Release|Any CPU.ActiveCfg = Release|Any CPU
		{8A2043C3-03FB-4858-97A9-BDAFDB2E59E7}.Release|Any CPU.Build.0 = Release|Any CPU
		{F968A002-08D7-4B57-8F97-5EDF30B5C7B0}.Debug|Any CPU.ActiveCfg = Debug|Any CPU
		{F968A002-08D7-4B57-8F97-5EDF30B5C7B0}.Debug|Any CPU.Build.0 = Debug|Any CPU
		{F968A002-08D7-4B57-8F97-5EDF30B5C7B0}.Release|Any CPU.ActiveCfg = Release|Any CPU
		{F968A002-08D7-4B57-8F97-5EDF30B5C7B0}.Release|Any CPU.Build.0 = Release|Any CPU
		{D825FE0F-FFA4-42B5-AD60-6CCB1876A0E6}.Debug|Any CPU.ActiveCfg = Debug|Any CPU
		{D825FE0F-FFA4-42B5-AD60-6CCB1876A0E6}.Debug|Any CPU.Build.0 = Debug|Any CPU
		{D825FE0F-FFA4-42B5-AD60-6CCB1876A0E6}.Release|Any CPU.ActiveCfg = Release|Any CPU
		{D825FE0F-FFA4-42B5-AD60-6CCB1876A0E6}.Release|Any CPU.Build.0 = Release|Any CPU
		{F96A7927-1395-477E-AB75-40B573C77260}.Debug|Any CPU.ActiveCfg = Debug|Any CPU
		{F96A7927-1395-477E-AB75-40B573C77260}.Debug|Any CPU.Build.0 = Debug|Any CPU
		{F96A7927-1395-477E-AB75-40B573C77260}.Release|Any CPU.ActiveCfg = Release|Any CPU
		{F96A7927-1395-477E-AB75-40B573C77260}.Release|Any CPU.Build.0 = Release|Any CPU
		{93AB830F-951B-4333-B223-DF4C761BBD8A}.Debug|Any CPU.ActiveCfg = Debug|Any CPU
		{93AB830F-951B-4333-B223-DF4C761BBD8A}.Debug|Any CPU.Build.0 = Debug|Any CPU
		{93AB830F-951B-4333-B223-DF4C761BBD8A}.Release|Any CPU.ActiveCfg = Release|Any CPU
		{93AB830F-951B-4333-B223-DF4C761BBD8A}.Release|Any CPU.Build.0 = Release|Any CPU
		{2F9C7829-66BF-471A-84EE-297D6F4F7257}.Debug|Any CPU.ActiveCfg = Debug|Any CPU
		{2F9C7829-66BF-471A-84EE-297D6F4F7257}.Debug|Any CPU.Build.0 = Debug|Any CPU
		{2F9C7829-66BF-471A-84EE-297D6F4F7257}.Release|Any CPU.ActiveCfg = Release|Any CPU
		{2F9C7829-66BF-471A-84EE-297D6F4F7257}.Release|Any CPU.Build.0 = Release|Any CPU
	EndGlobalSection
	GlobalSection(SolutionProperties) = preSolution
		HideSolutionNode = FALSE
	EndGlobalSection
	GlobalSection(ExtensibilityGlobals) = postSolution
		SolutionGuid = {25087400-01D3-4FAA-9F9C-778CD29BD149}
	EndGlobalSection
EndGlobal
