
Microsoft Visual Studio Solution File, Format Version 12.00
# Visual Studio Version 17
VisualStudioVersion = 17.5.002.0
MinimumVisualStudioVersion = 10.0.40219.1
Project("{9A19103F-16F7-4668-BE54-9A1E7A4F7556}") = "Day2", "Day2\Day2.csproj", "{8A2043C3-03FB-4858-97A9-BDAFDB2E59E7}"
EndProject
Project("{9A19103F-16F7-4668-BE54-9A1E7A4F7556}") = "Day1", "Day1\Day1.csproj", "{F968A002-08D7-4B57-8F97-5EDF30B5C7B0}"
EndProject
Project("{FAE04EC0-301F-11D3-BF4B-00C04F79EFBC}") = "Day3", "Day3\Day3.csproj", "{D825FE0F-FFA4-42B5-AD60-6CCB1876A0E6}"
EndProject
Project("{FAE04EC0-301F-11D3-BF4B-00C04F79EFBC}") = "Day4", "Day4\Day4.csproj", "{F96A7927-1395-477E-AB75-40B573C77260}"
EndProject
Project("{FAE04EC0-301F-11D3-BF4B-00C04F79EFBC}") = "Day5", "Day5\Day5.csproj", "{93AB830F-951B-4333-B223-DF4C761BBD8A}"
EndProject
Project("{FAE04EC0-301F-11D3-BF4B-00C04F79EFBC}") = "Day6", "Day6\Day6.csproj", "{2F9C7829-66BF-471A-84EE-297D6F4F7257}"
EndProject
Project("{FAE04EC0-301F-11D3-BF4B-00C04F79EFBC}") = "Day7", "Day7\Day7.csproj", "{AA563036-DC53-413B-81DB-FF3A7B00E6E9}"
EndProject
Project("{FAE04EC0-301F-11D3-BF4B-00C04F79EFBC}") = "Tests", "Tests\Tests.csproj", "{FAB3E24D-8886-4731-822E-595D17EA4775}"
EndProject
Project("{FAE04EC0-301F-11D3-BF4B-00C04F79EFBC}") = "Day8", "Day8\Day8.csproj", "{5706B70C-BA08-410C-9F39-73AB404FF095}"
EndProject
Project("{FAE04EC0-301F-11D3-BF4B-00C04F79EFBC}") = "Day9", "Day9\Day9.csproj", "{70E885C5-AA6D-4BD8-B45B-986E119A2C53}"
EndProject
Project("{FAE04EC0-301F-11D3-BF4B-00C04F79EFBC}") = "Day10", "Day10\Day10.csproj", "{18DAAB85-6CAD-4F98-8282-86906260F90A}"
EndProject
Project("{FAE04EC0-301F-11D3-BF4B-00C04F79EFBC}") = "Day11", "Day11\Day11.csproj", "{40C08449-8EB8-4FE1-A4DE-27939AAE5797}"
EndProject
Project("{FAE04EC0-301F-11D3-BF4B-00C04F79EFBC}") = "Day12", "Day12\Day12.csproj", "{58F6E730-B079-430D-A6C0-4428B7BBF4C2}"
EndProject
Project("{FAE04EC0-301F-11D3-BF4B-00C04F79EFBC}") = "Day13", "Day13\Day13.csproj", "{66A6950E-E4C4-4942-8623-1673DAC632C0}"
EndProject
Project("{FAE04EC0-301F-11D3-BF4B-00C04F79EFBC}") = "Day14", "Day14\Day14.csproj", "{BF3ECB42-0595-4B07-A7DC-CE3CCC4ECF37}"
EndProject
Project("{FAE04EC0-301F-11D3-BF4B-00C04F79EFBC}") = "Day15", "Day15\Day15.csproj", "{FB8D3251-6BBC-4E67-8E8D-2077CC029E10}"
EndProject
Project("{FAE04EC0-301F-11D3-BF4B-00C04F79EFBC}") = "Day16", "Day16\Day16.csproj", "{3E537EAA-27EC-4570-8B12-8F8C4A30D1E5}"
EndProject
Project("{FAE04EC0-301F-11D3-BF4B-00C04F79EFBC}") = "Day17", "Day17\Day17.csproj", "{DD3AD2E5-8EC7-4C35-96E3-90497EC053DE}"
EndProject
Project("{FAE04EC0-301F-11D3-BF4B-00C04F79EFBC}") = "Day18", "Day18\Day18.csproj", "{D1E0A095-F6E6-4C1F-AB43-AAD7280BDC79}"
EndProject
Project("{FAE04EC0-301F-11D3-BF4B-00C04F79EFBC}") = "Day19", "Day19\Day19.csproj", "{7B263123-F8E9-4C67-9D7B-F81C7B043D84}"
EndProject
Global
	GlobalSection(SolutionConfigurationPlatforms) = preSolution
		Debug|Any CPU = Debug|Any CPU
		Release|Any CPU = Release|Any CPU
	EndGlobalSection
	GlobalSection(ProjectConfigurationPlatforms) = postSolution
		{8A2043C3-03FB-4858-97A9-BDAFDB2E59E7}.Debug|Any CPU.ActiveCfg = Debug|Any CPU
		{8A2043C3-03FB-4858-97A9-BDAFDB2E59E7}.Debug|Any CPU.Build.0 = Debug|Any CPU
		{8A2043C3-03FB-4858-97A9-BDAFDB2E59E7}.Release|Any CPU.ActiveCfg = Release|Any CPU
		{8A2043C3-03FB-4858-97A9-BDAFDB2E59E7}.Release|Any CPU.Build.0 = Release|Any CPU
		{F968A002-08D7-4B57-8F97-5EDF30B5C7B0}.Debug|Any CPU.ActiveCfg = Debug|Any CPU
		{F968A002-08D7-4B57-8F97-5EDF30B5C7B0}.Debug|Any CPU.Build.0 = Debug|Any CPU
		{F968A002-08D7-4B57-8F97-5EDF30B5C7B0}.Release|Any CPU.ActiveCfg = Release|Any CPU
		{F968A002-08D7-4B57-8F97-5EDF30B5C7B0}.Release|Any CPU.Build.0 = Release|Any CPU
		{D825FE0F-FFA4-42B5-AD60-6CCB1876A0E6}.Debug|Any CPU.ActiveCfg = Debug|Any CPU
		{D825FE0F-FFA4-42B5-AD60-6CCB1876A0E6}.Debug|Any CPU.Build.0 = Debug|Any CPU
		{D825FE0F-FFA4-42B5-AD60-6CCB1876A0E6}.Release|Any CPU.ActiveCfg = Release|Any CPU
		{D825FE0F-FFA4-42B5-AD60-6CCB1876A0E6}.Release|Any CPU.Build.0 = Release|Any CPU
		{F96A7927-1395-477E-AB75-40B573C77260}.Debug|Any CPU.ActiveCfg = Debug|Any CPU
		{F96A7927-1395-477E-AB75-40B573C77260}.Debug|Any CPU.Build.0 = Debug|Any CPU
		{F96A7927-1395-477E-AB75-40B573C77260}.Release|Any CPU.ActiveCfg = Release|Any CPU
		{F96A7927-1395-477E-AB75-40B573C77260}.Release|Any CPU.Build.0 = Release|Any CPU
		{93AB830F-951B-4333-B223-DF4C761BBD8A}.Debug|Any CPU.ActiveCfg = Debug|Any CPU
		{93AB830F-951B-4333-B223-DF4C761BBD8A}.Debug|Any CPU.Build.0 = Debug|Any CPU
		{93AB830F-951B-4333-B223-DF4C761BBD8A}.Release|Any CPU.ActiveCfg = Release|Any CPU
		{93AB830F-951B-4333-B223-DF4C761BBD8A}.Release|Any CPU.Build.0 = Release|Any CPU
		{2F9C7829-66BF-471A-84EE-297D6F4F7257}.Debug|Any CPU.ActiveCfg = Debug|Any CPU
		{2F9C7829-66BF-471A-84EE-297D6F4F7257}.Debug|Any CPU.Build.0 = Debug|Any CPU
		{2F9C7829-66BF-471A-84EE-297D6F4F7257}.Release|Any CPU.ActiveCfg = Release|Any CPU
		{2F9C7829-66BF-471A-84EE-297D6F4F7257}.Release|Any CPU.Build.0 = Release|Any CPU
		{AA563036-DC53-413B-81DB-FF3A7B00E6E9}.Debug|Any CPU.ActiveCfg = Debug|Any CPU
		{AA563036-DC53-413B-81DB-FF3A7B00E6E9}.Debug|Any CPU.Build.0 = Debug|Any CPU
		{AA563036-DC53-413B-81DB-FF3A7B00E6E9}.Release|Any CPU.ActiveCfg = Release|Any CPU
		{AA563036-DC53-413B-81DB-FF3A7B00E6E9}.Release|Any CPU.Build.0 = Release|Any CPU
		{FAB3E24D-8886-4731-822E-595D17EA4775}.Debug|Any CPU.ActiveCfg = Debug|Any CPU
		{FAB3E24D-8886-4731-822E-595D17EA4775}.Debug|Any CPU.Build.0 = Debug|Any CPU
		{FAB3E24D-8886-4731-822E-595D17EA4775}.Release|Any CPU.ActiveCfg = Release|Any CPU
		{FAB3E24D-8886-4731-822E-595D17EA4775}.Release|Any CPU.Build.0 = Release|Any CPU
		{5706B70C-BA08-410C-9F39-73AB404FF095}.Debug|Any CPU.ActiveCfg = Debug|Any CPU
		{5706B70C-BA08-410C-9F39-73AB404FF095}.Debug|Any CPU.Build.0 = Debug|Any CPU
		{5706B70C-BA08-410C-9F39-73AB404FF095}.Release|Any CPU.ActiveCfg = Release|Any CPU
		{5706B70C-BA08-410C-9F39-73AB404FF095}.Release|Any CPU.Build.0 = Release|Any CPU
		{70E885C5-AA6D-4BD8-B45B-986E119A2C53}.Debug|Any CPU.ActiveCfg = Debug|Any CPU
		{70E885C5-AA6D-4BD8-B45B-986E119A2C53}.Debug|Any CPU.Build.0 = Debug|Any CPU
		{70E885C5-AA6D-4BD8-B45B-986E119A2C53}.Release|Any CPU.ActiveCfg = Release|Any CPU
		{70E885C5-AA6D-4BD8-B45B-986E119A2C53}.Release|Any CPU.Build.0 = Release|Any CPU
		{18DAAB85-6CAD-4F98-8282-86906260F90A}.Debug|Any CPU.ActiveCfg = Debug|Any CPU
		{18DAAB85-6CAD-4F98-8282-86906260F90A}.Debug|Any CPU.Build.0 = Debug|Any CPU
		{18DAAB85-6CAD-4F98-8282-86906260F90A}.Release|Any CPU.ActiveCfg = Release|Any CPU
		{18DAAB85-6CAD-4F98-8282-86906260F90A}.Release|Any CPU.Build.0 = Release|Any CPU
		{40C08449-8EB8-4FE1-A4DE-27939AAE5797}.Debug|Any CPU.ActiveCfg = Debug|Any CPU
		{40C08449-8EB8-4FE1-A4DE-27939AAE5797}.Debug|Any CPU.Build.0 = Debug|Any CPU
		{40C08449-8EB8-4FE1-A4DE-27939AAE5797}.Release|Any CPU.ActiveCfg = Release|Any CPU
		{40C08449-8EB8-4FE1-A4DE-27939AAE5797}.Release|Any CPU.Build.0 = Release|Any CPU
		{58F6E730-B079-430D-A6C0-4428B7BBF4C2}.Debug|Any CPU.ActiveCfg = Debug|Any CPU
		{58F6E730-B079-430D-A6C0-4428B7BBF4C2}.Debug|Any CPU.Build.0 = Debug|Any CPU
		{58F6E730-B079-430D-A6C0-4428B7BBF4C2}.Release|Any CPU.ActiveCfg = Release|Any CPU
		{58F6E730-B079-430D-A6C0-4428B7BBF4C2}.Release|Any CPU.Build.0 = Release|Any CPU
		{66A6950E-E4C4-4942-8623-1673DAC632C0}.Debug|Any CPU.ActiveCfg = Debug|Any CPU
		{66A6950E-E4C4-4942-8623-1673DAC632C0}.Debug|Any CPU.Build.0 = Debug|Any CPU
		{66A6950E-E4C4-4942-8623-1673DAC632C0}.Release|Any CPU.ActiveCfg = Release|Any CPU
		{66A6950E-E4C4-4942-8623-1673DAC632C0}.Release|Any CPU.Build.0 = Release|Any CPU
		{BF3ECB42-0595-4B07-A7DC-CE3CCC4ECF37}.Debug|Any CPU.ActiveCfg = Debug|Any CPU
		{BF3ECB42-0595-4B07-A7DC-CE3CCC4ECF37}.Debug|Any CPU.Build.0 = Debug|Any CPU
		{BF3ECB42-0595-4B07-A7DC-CE3CCC4ECF37}.Release|Any CPU.ActiveCfg = Release|Any CPU
		{BF3ECB42-0595-4B07-A7DC-CE3CCC4ECF37}.Release|Any CPU.Build.0 = Release|Any CPU
		{FB8D3251-6BBC-4E67-8E8D-2077CC029E10}.Debug|Any CPU.ActiveCfg = Debug|Any CPU
		{FB8D3251-6BBC-4E67-8E8D-2077CC029E10}.Debug|Any CPU.Build.0 = Debug|Any CPU
		{FB8D3251-6BBC-4E67-8E8D-2077CC029E10}.Release|Any CPU.ActiveCfg = Release|Any CPU
		{FB8D3251-6BBC-4E67-8E8D-2077CC029E10}.Release|Any CPU.Build.0 = Release|Any CPU
		{3E537EAA-27EC-4570-8B12-8F8C4A30D1E5}.Debug|Any CPU.ActiveCfg = Debug|Any CPU
		{3E537EAA-27EC-4570-8B12-8F8C4A30D1E5}.Debug|Any CPU.Build.0 = Debug|Any CPU
		{3E537EAA-27EC-4570-8B12-8F8C4A30D1E5}.Release|Any CPU.ActiveCfg = Release|Any CPU
		{3E537EAA-27EC-4570-8B12-8F8C4A30D1E5}.Release|Any CPU.Build.0 = Release|Any CPU
		{DD3AD2E5-8EC7-4C35-96E3-90497EC053DE}.Debug|Any CPU.ActiveCfg = Debug|Any CPU
		{DD3AD2E5-8EC7-4C35-96E3-90497EC053DE}.Debug|Any CPU.Build.0 = Debug|Any CPU
		{DD3AD2E5-8EC7-4C35-96E3-90497EC053DE}.Release|Any CPU.ActiveCfg = Release|Any CPU
		{DD3AD2E5-8EC7-4C35-96E3-90497EC053DE}.Release|Any CPU.Build.0 = Release|Any CPU
		{D1E0A095-F6E6-4C1F-AB43-AAD7280BDC79}.Debug|Any CPU.ActiveCfg = Debug|Any CPU
		{D1E0A095-F6E6-4C1F-AB43-AAD7280BDC79}.Debug|Any CPU.Build.0 = Debug|Any CPU
		{D1E0A095-F6E6-4C1F-AB43-AAD7280BDC79}.Release|Any CPU.ActiveCfg = Release|Any CPU
		{D1E0A095-F6E6-4C1F-AB43-AAD7280BDC79}.Release|Any CPU.Build.0 = Release|Any CPU
		{7B263123-F8E9-4C67-9D7B-F81C7B043D84}.Debug|Any CPU.ActiveCfg = Debug|Any CPU
		{7B263123-F8E9-4C67-9D7B-F81C7B043D84}.Debug|Any CPU.Build.0 = Debug|Any CPU
		{7B263123-F8E9-4C67-9D7B-F81C7B043D84}.Release|Any CPU.ActiveCfg = Release|Any CPU
		{7B263123-F8E9-4C67-9D7B-F81C7B043D84}.Release|Any CPU.Build.0 = Release|Any CPU
	EndGlobalSection
	GlobalSection(SolutionProperties) = preSolution
		HideSolutionNode = FALSE
	EndGlobalSection
	GlobalSection(ExtensibilityGlobals) = postSolution
		SolutionGuid = {25087400-01D3-4FAA-9F9C-778CD29BD149}
	EndGlobalSection
EndGlobal
