
Microsoft Visual Studio Solution File, Format Version 12.00
# Visual Studio Version 17
VisualStudioVersion = 17.5.002.0
MinimumVisualStudioVersion = 10.0.40219.1
Project("{9A19103F-16F7-4668-BE54-9A1E7A4F7556}") = "Day5", "Day5.csproj", "{AA397A71-DA23-47A2-94EE-B2E0E3BE133C}"
EndProject
Global
	GlobalSection(SolutionConfigurationPlatforms) = preSolution
		Debug|Any CPU = Debug|Any CPU
		Release|Any CPU = Release|Any CPU
	EndGlobalSection
	GlobalSection(ProjectConfigurationPlatforms) = postSolution
		{AA397A71-DA23-47A2-94EE-B2E0E3BE133C}.Debug|Any CPU.ActiveCfg = Debug|Any CPU
		{AA397A71-DA23-47A2-94EE-B2E0E3BE133C}.Debug|Any CPU.Build.0 = Debug|Any CPU
		{AA397A71-DA23-47A2-94EE-B2E0E3BE133C}.Release|Any CPU.ActiveCfg = Release|Any CPU
		{AA397A71-DA23-47A2-94EE-B2E0E3BE133C}.Release|Any CPU.Build.0 = Release|Any CPU
	EndGlobalSection
	GlobalSection(SolutionProperties) = preSolution
		HideSolutionNode = FALSE
	EndGlobalSection
	GlobalSection(ExtensibilityGlobals) = postSolution
		SolutionGuid = {15D86C20-4EF7-4BE5-86F1-B4D2C944BB81}
	EndGlobalSection
EndGlobal
